
Microsoft Visual Studio Solution File, Format Version 12.00
# Visual Studio 2015
Project("{FAE04EC0-301F-11D3-BF4B-00C04F79EFBC}") = "Videojuego.Plugins", "Videojuego.Plugins.csproj", "{674AF6C3-4127-C19B-1F2B-1BD7A024BADF}"
EndProject
Project("{FAE04EC0-301F-11D3-BF4B-00C04F79EFBC}") = "Videojuego.Editor.Plugins", "Videojuego.Editor.Plugins.csproj", "{7A46A842-BF5B-948D-4B38-4160B2D22A62}"
EndProject
Global
	GlobalSection(SolutionConfigurationPlatforms) = preSolution
		Debug|Any CPU = Debug|Any CPU
		Release|Any CPU = Release|Any CPU
	EndGlobalSection
	GlobalSection(ProjectConfigurationPlatforms) = postSolution
		{674AF6C3-4127-C19B-1F2B-1BD7A024BADF}.Debug|Any CPU.ActiveCfg = Debug|Any CPU
		{674AF6C3-4127-C19B-1F2B-1BD7A024BADF}.Debug|Any CPU.Build.0 = Debug|Any CPU
		{674AF6C3-4127-C19B-1F2B-1BD7A024BADF}.Release|Any CPU.ActiveCfg = Release|Any CPU
		{674AF6C3-4127-C19B-1F2B-1BD7A024BADF}.Release|Any CPU.Build.0 = Release|Any CPU
		{7A46A842-BF5B-948D-4B38-4160B2D22A62}.Debug|Any CPU.ActiveCfg = Debug|Any CPU
		{7A46A842-BF5B-948D-4B38-4160B2D22A62}.Debug|Any CPU.Build.0 = Debug|Any CPU
		{7A46A842-BF5B-948D-4B38-4160B2D22A62}.Release|Any CPU.ActiveCfg = Release|Any CPU
		{7A46A842-BF5B-948D-4B38-4160B2D22A62}.Release|Any CPU.Build.0 = Release|Any CPU
	EndGlobalSection
	GlobalSection(SolutionProperties) = preSolution
		HideSolutionNode = FALSE
	EndGlobalSection
EndGlobal
